// !$*UTF8*$!
{
	archiveVersion = 1;
	classes = {
	};
	objectVersion = 46;
	objects = {

/* Begin PBXBuildFile section */
		4691B5497FA155730C207D4A /* libPods-ZJFCustomButtonDemoUITests.a in Frameworks */ = {isa = PBXBuildFile; fileRef = A5EDE43D38897F1E95AC3D66 /* libPods-ZJFCustomButtonDemoUITests.a */; };
		65E595232B65D380808845D4 /* libPods-ZJFCustomButtonDemo.a in Frameworks */ = {isa = PBXBuildFile; fileRef = 4AADDD43ABBBDB1B339236A5 /* libPods-ZJFCustomButtonDemo.a */; };
		8A2B5E131EB9E23B00500869 /* main.m in Sources */ = {isa = PBXBuildFile; fileRef = 8A2B5E121EB9E23B00500869 /* main.m */; };
		8A2B5E161EB9E23B00500869 /* AppDelegate.m in Sources */ = {isa = PBXBuildFile; fileRef = 8A2B5E151EB9E23B00500869 /* AppDelegate.m */; };
		8A2B5E191EB9E23B00500869 /* ViewController.m in Sources */ = {isa = PBXBuildFile; fileRef = 8A2B5E181EB9E23B00500869 /* ViewController.m */; };
		8A2B5E1C1EB9E23B00500869 /* Main.storyboard in Resources */ = {isa = PBXBuildFile; fileRef = 8A2B5E1A1EB9E23B00500869 /* Main.storyboard */; };
		8A2B5E1E1EB9E23B00500869 /* Assets.xcassets in Resources */ = {isa = PBXBuildFile; fileRef = 8A2B5E1D1EB9E23B00500869 /* Assets.xcassets */; };
		8A2B5E211EB9E23B00500869 /* LaunchScreen.storyboard in Resources */ = {isa = PBXBuildFile; fileRef = 8A2B5E1F1EB9E23B00500869 /* LaunchScreen.storyboard */; };
		8A2B5E2C1EB9E23B00500869 /* ZJFCustomButtonDemoTests.m in Sources */ = {isa = PBXBuildFile; fileRef = 8A2B5E2B1EB9E23B00500869 /* ZJFCustomButtonDemoTests.m */; };
		8A2B5E371EB9E23B00500869 /* ZJFCustomButtonDemoUITests.m in Sources */ = {isa = PBXBuildFile; fileRef = 8A2B5E361EB9E23B00500869 /* ZJFCustomButtonDemoUITests.m */; };
		8A2B5E491EB9E33200500869 /* ZJFCustomButton.m in Sources */ = {isa = PBXBuildFile; fileRef = 8A2B5E461EB9E33200500869 /* ZJFCustomButton.m */; };
		8A2B5E4A1EB9E33200500869 /* ZJFCustomCollectionViewCell.m in Sources */ = {isa = PBXBuildFile; fileRef = 8A2B5E481EB9E33200500869 /* ZJFCustomCollectionViewCell.m */; };
		94E38E8D8EEF558F3D4F39E3 /* libPods-ZJFCustomButtonDemoTests.a in Frameworks */ = {isa = PBXBuildFile; fileRef = 57F8932EEBA19EA9D45C52B3 /* libPods-ZJFCustomButtonDemoTests.a */; };
/* End PBXBuildFile section */

/* Begin PBXContainerItemProxy section */
		8A2B5E281EB9E23B00500869 /* PBXContainerItemProxy */ = {
			isa = PBXContainerItemProxy;
			containerPortal = 8A2B5E061EB9E23B00500869 /* Project object */;
			proxyType = 1;
			remoteGlobalIDString = 8A2B5E0D1EB9E23B00500869;
			remoteInfo = ZJFCustomButtonDemo;
		};
		8A2B5E331EB9E23B00500869 /* PBXContainerItemProxy */ = {
			isa = PBXContainerItemProxy;
			containerPortal = 8A2B5E061EB9E23B00500869 /* Project object */;
			proxyType = 1;
			remoteGlobalIDString = 8A2B5E0D1EB9E23B00500869;
			remoteInfo = ZJFCustomButtonDemo;
		};
/* End PBXContainerItemProxy section */

/* Begin PBXFileReference section */
		25DBFD6465A26F199676675A /* Pods-ZJFCustomButtonDemo.release.xcconfig */ = {isa = PBXFileReference; includeInIndex = 1; lastKnownFileType = text.xcconfig; name = "Pods-ZJFCustomButtonDemo.release.xcconfig"; path = "Pods/Target Support Files/Pods-ZJFCustomButtonDemo/Pods-ZJFCustomButtonDemo.release.xcconfig"; sourceTree = "<group>"; };
		4AADDD43ABBBDB1B339236A5 /* libPods-ZJFCustomButtonDemo.a */ = {isa = PBXFileReference; explicitFileType = archive.ar; includeInIndex = 0; path = "libPods-ZJFCustomButtonDemo.a"; sourceTree = BUILT_PRODUCTS_DIR; };
		57F8932EEBA19EA9D45C52B3 /* libPods-ZJFCustomButtonDemoTests.a */ = {isa = PBXFileReference; explicitFileType = archive.ar; includeInIndex = 0; path = "libPods-ZJFCustomButtonDemoTests.a"; sourceTree = BUILT_PRODUCTS_DIR; };
		6A2E51D2800F4463D29ABFCA /* Pods-ZJFCustomButtonDemoTests.debug.xcconfig */ = {isa = PBXFileReference; includeInIndex = 1; lastKnownFileType = text.xcconfig; name = "Pods-ZJFCustomButtonDemoTests.debug.xcconfig"; path = "Pods/Target Support Files/Pods-ZJFCustomButtonDemoTests/Pods-ZJFCustomButtonDemoTests.debug.xcconfig"; sourceTree = "<group>"; };
		6C23F0B39D448BDCFCEC51A9 /* Pods-ZJFCustomButtonDemo.debug.xcconfig */ = {isa = PBXFileReference; includeInIndex = 1; lastKnownFileType = text.xcconfig; name = "Pods-ZJFCustomButtonDemo.debug.xcconfig"; path = "Pods/Target Support Files/Pods-ZJFCustomButtonDemo/Pods-ZJFCustomButtonDemo.debug.xcconfig"; sourceTree = "<group>"; };
		8A2B5E0E1EB9E23B00500869 /* ZJFCustomButtonDemo.app */ = {isa = PBXFileReference; explicitFileType = wrapper.application; includeInIndex = 0; path = ZJFCustomButtonDemo.app; sourceTree = BUILT_PRODUCTS_DIR; };
		8A2B5E121EB9E23B00500869 /* main.m */ = {isa = PBXFileReference; lastKnownFileType = sourcecode.c.objc; path = main.m; sourceTree = "<group>"; };
		8A2B5E141EB9E23B00500869 /* AppDelegate.h */ = {isa = PBXFileReference; lastKnownFileType = sourcecode.c.h; path = AppDelegate.h; sourceTree = "<group>"; };
		8A2B5E151EB9E23B00500869 /* AppDelegate.m */ = {isa = PBXFileReference; lastKnownFileType = sourcecode.c.objc; path = AppDelegate.m; sourceTree = "<group>"; };
		8A2B5E171EB9E23B00500869 /* ViewController.h */ = {isa = PBXFileReference; lastKnownFileType = sourcecode.c.h; path = ViewController.h; sourceTree = "<group>"; };
		8A2B5E181EB9E23B00500869 /* ViewController.m */ = {isa = PBXFileReference; lastKnownFileType = sourcecode.c.objc; path = ViewController.m; sourceTree = "<group>"; };
		8A2B5E1B1EB9E23B00500869 /* Base */ = {isa = PBXFileReference; lastKnownFileType = file.storyboard; name = Base; path = Base.lproj/Main.storyboard; sourceTree = "<group>"; };
		8A2B5E1D1EB9E23B00500869 /* Assets.xcassets */ = {isa = PBXFileReference; lastKnownFileType = folder.assetcatalog; path = Assets.xcassets; sourceTree = "<group>"; };
		8A2B5E201EB9E23B00500869 /* Base */ = {isa = PBXFileReference; lastKnownFileType = file.storyboard; name = Base; path = Base.lproj/LaunchScreen.storyboard; sourceTree = "<group>"; };
		8A2B5E221EB9E23B00500869 /* Info.plist */ = {isa = PBXFileReference; lastKnownFileType = text.plist.xml; path = Info.plist; sourceTree = "<group>"; };
		8A2B5E271EB9E23B00500869 /* ZJFCustomButtonDemoTests.xctest */ = {isa = PBXFileReference; explicitFileType = wrapper.cfbundle; includeInIndex = 0; path = ZJFCustomButtonDemoTests.xctest; sourceTree = BUILT_PRODUCTS_DIR; };
		8A2B5E2B1EB9E23B00500869 /* ZJFCustomButtonDemoTests.m */ = {isa = PBXFileReference; lastKnownFileType = sourcecode.c.objc; path = ZJFCustomButtonDemoTests.m; sourceTree = "<group>"; };
		8A2B5E2D1EB9E23B00500869 /* Info.plist */ = {isa = PBXFileReference; lastKnownFileType = text.plist.xml; path = Info.plist; sourceTree = "<group>"; };
		8A2B5E321EB9E23B00500869 /* ZJFCustomButtonDemoUITests.xctest */ = {isa = PBXFileReference; explicitFileType = wrapper.cfbundle; includeInIndex = 0; path = ZJFCustomButtonDemoUITests.xctest; sourceTree = BUILT_PRODUCTS_DIR; };
		8A2B5E361EB9E23B00500869 /* ZJFCustomButtonDemoUITests.m */ = {isa = PBXFileReference; lastKnownFileType = sourcecode.c.objc; path = ZJFCustomButtonDemoUITests.m; sourceTree = "<group>"; };
		8A2B5E381EB9E23B00500869 /* Info.plist */ = {isa = PBXFileReference; lastKnownFileType = text.plist.xml; path = Info.plist; sourceTree = "<group>"; };
		8A2B5E451EB9E33200500869 /* ZJFCustomButton.h */ = {isa = PBXFileReference; fileEncoding = 4; lastKnownFileType = sourcecode.c.h; path = ZJFCustomButton.h; sourceTree = "<group>"; };
		8A2B5E461EB9E33200500869 /* ZJFCustomButton.m */ = {isa = PBXFileReference; fileEncoding = 4; lastKnownFileType = sourcecode.c.objc; path = ZJFCustomButton.m; sourceTree = "<group>"; };
		8A2B5E471EB9E33200500869 /* ZJFCustomCollectionViewCell.h */ = {isa = PBXFileReference; fileEncoding = 4; lastKnownFileType = sourcecode.c.h; path = ZJFCustomCollectionViewCell.h; sourceTree = "<group>"; };
		8A2B5E481EB9E33200500869 /* ZJFCustomCollectionViewCell.m */ = {isa = PBXFileReference; fileEncoding = 4; lastKnownFileType = sourcecode.c.objc; path = ZJFCustomCollectionViewCell.m; sourceTree = "<group>"; };
		8A2B5E4B1EB9E34200500869 /* PrefixHeader.pch */ = {isa = PBXFileReference; lastKnownFileType = sourcecode.c.h; path = PrefixHeader.pch; sourceTree = "<group>"; };
		991B6C28EF895483A27EC319 /* Pods-ZJFCustomButtonDemoUITests.debug.xcconfig */ = {isa = PBXFileReference; includeInIndex = 1; lastKnownFileType = text.xcconfig; name = "Pods-ZJFCustomButtonDemoUITests.debug.xcconfig"; path = "Pods/Target Support Files/Pods-ZJFCustomButtonDemoUITests/Pods-ZJFCustomButtonDemoUITests.debug.xcconfig"; sourceTree = "<group>"; };
		A5EDE43D38897F1E95AC3D66 /* libPods-ZJFCustomButtonDemoUITests.a */ = {isa = PBXFileReference; explicitFileType = archive.ar; includeInIndex = 0; path = "libPods-ZJFCustomButtonDemoUITests.a"; sourceTree = BUILT_PRODUCTS_DIR; };
		B7AD598334F86E72FA49DF3B /* Pods-ZJFCustomButtonDemoTests.release.xcconfig */ = {isa = PBXFileReference; includeInIndex = 1; lastKnownFileType = text.xcconfig; name = "Pods-ZJFCustomButtonDemoTests.release.xcconfig"; path = "Pods/Target Support Files/Pods-ZJFCustomButtonDemoTests/Pods-ZJFCustomButtonDemoTests.release.xcconfig"; sourceTree = "<group>"; };
		C522580AC07D9B77C7142E4F /* Pods-ZJFCustomButtonDemoUITests.release.xcconfig */ = {isa = PBXFileReference; includeInIndex = 1; lastKnownFileType = text.xcconfig; name = "Pods-ZJFCustomButtonDemoUITests.release.xcconfig"; path = "Pods/Target Support Files/Pods-ZJFCustomButtonDemoUITests/Pods-ZJFCustomButtonDemoUITests.release.xcconfig"; sourceTree = "<group>"; };
/* End PBXFileReference section */

/* Begin PBXFrameworksBuildPhase section */
		8A2B5E0B1EB9E23B00500869 /* Frameworks */ = {
			isa = PBXFrameworksBuildPhase;
			buildActionMask = 2147483647;
			files = (
				65E595232B65D380808845D4 /* libPods-ZJFCustomButtonDemo.a in Frameworks */,
			);
			runOnlyForDeploymentPostprocessing = 0;
		};
		8A2B5E241EB9E23B00500869 /* Frameworks */ = {
			isa = PBXFrameworksBuildPhase;
			buildActionMask = 2147483647;
			files = (
				94E38E8D8EEF558F3D4F39E3 /* libPods-ZJFCustomButtonDemoTests.a in Frameworks */,
			);
			runOnlyForDeploymentPostprocessing = 0;
		};
		8A2B5E2F1EB9E23B00500869 /* Frameworks */ = {
			isa = PBXFrameworksBuildPhase;
			buildActionMask = 2147483647;
			files = (
				4691B5497FA155730C207D4A /* libPods-ZJFCustomButtonDemoUITests.a in Frameworks */,
			);
			runOnlyForDeploymentPostprocessing = 0;
		};
/* End PBXFrameworksBuildPhase section */

/* Begin PBXGroup section */
		208088FE34472EDFAD164E85 /* Pods */ = {
			isa = PBXGroup;
			children = (
				6C23F0B39D448BDCFCEC51A9 /* Pods-ZJFCustomButtonDemo.debug.xcconfig */,
				25DBFD6465A26F199676675A /* Pods-ZJFCustomButtonDemo.release.xcconfig */,
				6A2E51D2800F4463D29ABFCA /* Pods-ZJFCustomButtonDemoTests.debug.xcconfig */,
				B7AD598334F86E72FA49DF3B /* Pods-ZJFCustomButtonDemoTests.release.xcconfig */,
				991B6C28EF895483A27EC319 /* Pods-ZJFCustomButtonDemoUITests.debug.xcconfig */,
				C522580AC07D9B77C7142E4F /* Pods-ZJFCustomButtonDemoUITests.release.xcconfig */,
			);
			name = Pods;
			sourceTree = "<group>";
		};
		3366FCA84574E4D7FF6216D4 /* Frameworks */ = {
			isa = PBXGroup;
			children = (
				4AADDD43ABBBDB1B339236A5 /* libPods-ZJFCustomButtonDemo.a */,
				57F8932EEBA19EA9D45C52B3 /* libPods-ZJFCustomButtonDemoTests.a */,
				A5EDE43D38897F1E95AC3D66 /* libPods-ZJFCustomButtonDemoUITests.a */,
			);
			name = Frameworks;
			sourceTree = "<group>";
		};
		8A2B5E051EB9E23B00500869 = {
			isa = PBXGroup;
			children = (
				8A2B5E101EB9E23B00500869 /* ZJFCustomButtonDemo */,
				8A2B5E2A1EB9E23B00500869 /* ZJFCustomButtonDemoTests */,
				8A2B5E351EB9E23B00500869 /* ZJFCustomButtonDemoUITests */,
				8A2B5E0F1EB9E23B00500869 /* Products */,
				208088FE34472EDFAD164E85 /* Pods */,
				3366FCA84574E4D7FF6216D4 /* Frameworks */,
			);
			sourceTree = "<group>";
		};
		8A2B5E0F1EB9E23B00500869 /* Products */ = {
			isa = PBXGroup;
			children = (
				8A2B5E0E1EB9E23B00500869 /* ZJFCustomButtonDemo.app */,
				8A2B5E271EB9E23B00500869 /* ZJFCustomButtonDemoTests.xctest */,
				8A2B5E321EB9E23B00500869 /* ZJFCustomButtonDemoUITests.xctest */,
			);
			name = Products;
			sourceTree = "<group>";
		};
		8A2B5E101EB9E23B00500869 /* ZJFCustomButtonDemo */ = {
			isa = PBXGroup;
			children = (
				8A2B5E441EB9E33200500869 /* ZJFCustomButton */,
				8A2B5E141EB9E23B00500869 /* AppDelegate.h */,
				8A2B5E151EB9E23B00500869 /* AppDelegate.m */,
				8A2B5E171EB9E23B00500869 /* ViewController.h */,
				8A2B5E181EB9E23B00500869 /* ViewController.m */,
				8A2B5E1A1EB9E23B00500869 /* Main.storyboard */,
				8A2B5E1D1EB9E23B00500869 /* Assets.xcassets */,
				8A2B5E1F1EB9E23B00500869 /* LaunchScreen.storyboard */,
				8A2B5E221EB9E23B00500869 /* Info.plist */,
				8A2B5E111EB9E23B00500869 /* Supporting Files */,
			);
			path = ZJFCustomButtonDemo;
			sourceTree = "<group>";
		};
		8A2B5E111EB9E23B00500869 /* Supporting Files */ = {
			isa = PBXGroup;
			children = (
				8A2B5E121EB9E23B00500869 /* main.m */,
			);
			name = "Supporting Files";
			sourceTree = "<group>";
		};
		8A2B5E2A1EB9E23B00500869 /* ZJFCustomButtonDemoTests */ = {
			isa = PBXGroup;
			children = (
				8A2B5E2B1EB9E23B00500869 /* ZJFCustomButtonDemoTests.m */,
				8A2B5E2D1EB9E23B00500869 /* Info.plist */,
			);
			path = ZJFCustomButtonDemoTests;
			sourceTree = "<group>";
		};
		8A2B5E351EB9E23B00500869 /* ZJFCustomButtonDemoUITests */ = {
			isa = PBXGroup;
			children = (
				8A2B5E361EB9E23B00500869 /* ZJFCustomButtonDemoUITests.m */,
				8A2B5E381EB9E23B00500869 /* Info.plist */,
			);
			path = ZJFCustomButtonDemoUITests;
			sourceTree = "<group>";
		};
		8A2B5E441EB9E33200500869 /* ZJFCustomButton */ = {
			isa = PBXGroup;
			children = (
				8A2B5E451EB9E33200500869 /* ZJFCustomButton.h */,
				8A2B5E461EB9E33200500869 /* ZJFCustomButton.m */,
				8A2B5E471EB9E33200500869 /* ZJFCustomCollectionViewCell.h */,
				8A2B5E481EB9E33200500869 /* ZJFCustomCollectionViewCell.m */,
				8A2B5E4B1EB9E34200500869 /* PrefixHeader.pch */,
			);
			path = ZJFCustomButton;
			sourceTree = "<group>";
		};
/* End PBXGroup section */

/* Begin PBXNativeTarget section */
		8A2B5E0D1EB9E23B00500869 /* ZJFCustomButtonDemo */ = {
			isa = PBXNativeTarget;
			buildConfigurationList = 8A2B5E3B1EB9E23B00500869 /* Build configuration list for PBXNativeTarget "ZJFCustomButtonDemo" */;
			buildPhases = (
				E41ADF5D9872601AF94F3E4F /* [CP] Check Pods Manifest.lock */,
				8A2B5E0A1EB9E23B00500869 /* Sources */,
				8A2B5E0B1EB9E23B00500869 /* Frameworks */,
				8A2B5E0C1EB9E23B00500869 /* Resources */,
				6E73C5EDAB31C66A8F18C0BD /* [CP] Embed Pods Frameworks */,
				62706FE43C5DC249F165204A /* [CP] Copy Pods Resources */,
			);
			buildRules = (
			);
			dependencies = (
			);
			name = ZJFCustomButtonDemo;
			productName = ZJFCustomButtonDemo;
			productReference = 8A2B5E0E1EB9E23B00500869 /* ZJFCustomButtonDemo.app */;
			productType = "com.apple.product-type.application";
		};
		8A2B5E261EB9E23B00500869 /* ZJFCustomButtonDemoTests */ = {
			isa = PBXNativeTarget;
			buildConfigurationList = 8A2B5E3E1EB9E23B00500869 /* Build configuration list for PBXNativeTarget "ZJFCustomButtonDemoTests" */;
			buildPhases = (
				7DAE7641D374F9B882EA4CB1 /* [CP] Check Pods Manifest.lock */,
				8A2B5E231EB9E23B00500869 /* Sources */,
				8A2B5E241EB9E23B00500869 /* Frameworks */,
				8A2B5E251EB9E23B00500869 /* Resources */,
				704D34EE69DE3B3BD4999AC2 /* [CP] Embed Pods Frameworks */,
				7611730EE1E62A1B7726E877 /* [CP] Copy Pods Resources */,
			);
			buildRules = (
			);
			dependencies = (
				8A2B5E291EB9E23B00500869 /* PBXTargetDependency */,
			);
			name = ZJFCustomButtonDemoTests;
			productName = ZJFCustomButtonDemoTests;
			productReference = 8A2B5E271EB9E23B00500869 /* ZJFCustomButtonDemoTests.xctest */;
			productType = "com.apple.product-type.bundle.unit-test";
		};
		8A2B5E311EB9E23B00500869 /* ZJFCustomButtonDemoUITests */ = {
			isa = PBXNativeTarget;
			buildConfigurationList = 8A2B5E411EB9E23B00500869 /* Build configuration list for PBXNativeTarget "ZJFCustomButtonDemoUITests" */;
			buildPhases = (
				3E1AE29657471470249A0575 /* [CP] Check Pods Manifest.lock */,
				8A2B5E2E1EB9E23B00500869 /* Sources */,
				8A2B5E2F1EB9E23B00500869 /* Frameworks */,
				8A2B5E301EB9E23B00500869 /* Resources */,
				0F3DF73747C60161FEF5FEE2 /* [CP] Embed Pods Frameworks */,
				FA36E4E28DAC5C03322A66A2 /* [CP] Copy Pods Resources */,
			);
			buildRules = (
			);
			dependencies = (
				8A2B5E341EB9E23B00500869 /* PBXTargetDependency */,
			);
			name = ZJFCustomButtonDemoUITests;
			productName = ZJFCustomButtonDemoUITests;
			productReference = 8A2B5E321EB9E23B00500869 /* ZJFCustomButtonDemoUITests.xctest */;
			productType = "com.apple.product-type.bundle.ui-testing";
		};
/* End PBXNativeTarget section */

/* Begin PBXProject section */
		8A2B5E061EB9E23B00500869 /* Project object */ = {
			isa = PBXProject;
			attributes = {
				LastUpgradeCheck = 0830;
				ORGANIZATIONNAME = jiafa.apple;
				TargetAttributes = {
					8A2B5E0D1EB9E23B00500869 = {
						CreatedOnToolsVersion = 8.3.2;
						DevelopmentTeam = 234U3DUU4J;
						ProvisioningStyle = Automatic;
					};
					8A2B5E261EB9E23B00500869 = {
						CreatedOnToolsVersion = 8.3.2;
						ProvisioningStyle = Automatic;
						TestTargetID = 8A2B5E0D1EB9E23B00500869;
					};
					8A2B5E311EB9E23B00500869 = {
						CreatedOnToolsVersion = 8.3.2;
						ProvisioningStyle = Automatic;
						TestTargetID = 8A2B5E0D1EB9E23B00500869;
					};
				};
			};
			buildConfigurationList = 8A2B5E091EB9E23B00500869 /* Build configuration list for PBXProject "ZJFCustomButtonDemo" */;
			compatibilityVersion = "Xcode 3.2";
			developmentRegion = English;
			hasScannedForEncodings = 0;
			knownRegions = (
				en,
				Base,
			);
			mainGroup = 8A2B5E051EB9E23B00500869;
			productRefGroup = 8A2B5E0F1EB9E23B00500869 /* Products */;
			projectDirPath = "";
			projectRoot = "";
			targets = (
				8A2B5E0D1EB9E23B00500869 /* ZJFCustomButtonDemo */,
				8A2B5E261EB9E23B00500869 /* ZJFCustomButtonDemoTests */,
				8A2B5E311EB9E23B00500869 /* ZJFCustomButtonDemoUITests */,
			);
		};
/* End PBXProject section */

/* Begin PBXResourcesBuildPhase section */
		8A2B5E0C1EB9E23B00500869 /* Resources */ = {
			isa = PBXResourcesBuildPhase;
			buildActionMask = 2147483647;
			files = (
				8A2B5E211EB9E23B00500869 /* LaunchScreen.storyboard in Resources */,
				8A2B5E1E1EB9E23B00500869 /* Assets.xcassets in Resources */,
				8A2B5E1C1EB9E23B00500869 /* Main.storyboard in Resources */,
			);
			runOnlyForDeploymentPostprocessing = 0;
		};
		8A2B5E251EB9E23B00500869 /* Resources */ = {
			isa = PBXResourcesBuildPhase;
			buildActionMask = 2147483647;
			files = (
			);
			runOnlyForDeploymentPostprocessing = 0;
		};
		8A2B5E301EB9E23B00500869 /* Resources */ = {
			isa = PBXResourcesBuildPhase;
			buildActionMask = 2147483647;
			files = (
			);
			runOnlyForDeploymentPostprocessing = 0;
		};
/* End PBXResourcesBuildPhase section */

/* Begin PBXShellScriptBuildPhase section */
		0F3DF73747C60161FEF5FEE2 /* [CP] Embed Pods Frameworks */ = {
			isa = PBXShellScriptBuildPhase;
			buildActionMask = 2147483647;
			files = (
			);
			inputPaths = (
			);
			name = "[CP] Embed Pods Frameworks";
			outputPaths = (
			);
			runOnlyForDeploymentPostprocessing = 0;
			shellPath = /bin/sh;
			shellScript = "\"${SRCROOT}/Pods/Target Support Files/Pods-ZJFCustomButtonDemoUITests/Pods-ZJFCustomButtonDemoUITests-frameworks.sh\"\n";
			showEnvVarsInLog = 0;
		};
		3E1AE29657471470249A0575 /* [CP] Check Pods Manifest.lock */ = {
			isa = PBXShellScriptBuildPhase;
			buildActionMask = 2147483647;
			files = (
			);
			inputPaths = (
			);
			name = "[CP] Check Pods Manifest.lock";
			outputPaths = (
			);
			runOnlyForDeploymentPostprocessing = 0;
			shellPath = /bin/sh;
			shellScript = "diff \"${PODS_PODFILE_DIR_PATH}/Podfile.lock\" \"${PODS_ROOT}/Manifest.lock\" > /dev/null\nif [ $? != 0 ] ; then\n    # print error to STDERR\n    echo \"error: The sandbox is not in sync with the Podfile.lock. Run 'pod install' or update your CocoaPods installation.\" >&2\n    exit 1\nfi\n";
			showEnvVarsInLog = 0;
		};
		62706FE43C5DC249F165204A /* [CP] Copy Pods Resources */ = {
			isa = PBXShellScriptBuildPhase;
			buildActionMask = 2147483647;
			files = (
			);
			inputPaths = (
			);
			name = "[CP] Copy Pods Resources";
			outputPaths = (
			);
			runOnlyForDeploymentPostprocessing = 0;
			shellPath = /bin/sh;
			shellScript = "\"${SRCROOT}/Pods/Target Support Files/Pods-ZJFCustomButtonDemo/Pods-ZJFCustomButtonDemo-resources.sh\"\n";
			showEnvVarsInLog = 0;
		};
		6E73C5EDAB31C66A8F18C0BD /* [CP] Embed Pods Frameworks */ = {
			isa = PBXShellScriptBuildPhase;
			buildActionMask = 2147483647;
			files = (
			);
			inputPaths = (
			);
			name = "[CP] Embed Pods Frameworks";
			outputPaths = (
			);
			runOnlyForDeploymentPostprocessing = 0;
			shellPath = /bin/sh;
			shellScript = "\"${SRCROOT}/Pods/Target Support Files/Pods-ZJFCustomButtonDemo/Pods-ZJFCustomButtonDemo-frameworks.sh\"\n";
			showEnvVarsInLog = 0;
		};
		704D34EE69DE3B3BD4999AC2 /* [CP] Embed Pods Frameworks */ = {
			isa = PBXShellScriptBuildPhase;
			buildActionMask = 2147483647;
			files = (
			);
			inputPaths = (
			);
			name = "[CP] Embed Pods Frameworks";
			outputPaths = (
			);
			runOnlyForDeploymentPostprocessing = 0;
			shellPath = /bin/sh;
			shellScript = "\"${SRCROOT}/Pods/Target Support Files/Pods-ZJFCustomButtonDemoTests/Pods-ZJFCustomButtonDemoTests-frameworks.sh\"\n";
			showEnvVarsInLog = 0;
		};
		7611730EE1E62A1B7726E877 /* [CP] Copy Pods Resources */ = {
			isa = PBXShellScriptBuildPhase;
			buildActionMask = 2147483647;
			files = (
			);
			inputPaths = (
			);
			name = "[CP] Copy Pods Resources";
			outputPaths = (
			);
			runOnlyForDeploymentPostprocessing = 0;
			shellPath = /bin/sh;
			shellScript = "\"${SRCROOT}/Pods/Target Support Files/Pods-ZJFCustomButtonDemoTests/Pods-ZJFCustomButtonDemoTests-resources.sh\"\n";
			showEnvVarsInLog = 0;
		};
		7DAE7641D374F9B882EA4CB1 /* [CP] Check Pods Manifest.lock */ = {
			isa = PBXShellScriptBuildPhase;
			buildActionMask = 2147483647;
			files = (
			);
			inputPaths = (
			);
			name = "[CP] Check Pods Manifest.lock";
			outputPaths = (
			);
			runOnlyForDeploymentPostprocessing = 0;
			shellPath = /bin/sh;
			shellScript = "diff \"${PODS_PODFILE_DIR_PATH}/Podfile.lock\" \"${PODS_ROOT}/Manifest.lock\" > /dev/null\nif [ $? != 0 ] ; then\n    # print error to STDERR\n    echo \"error: The sandbox is not in sync with the Podfile.lock. Run 'pod install' or update your CocoaPods installation.\" >&2\n    exit 1\nfi\n";
			showEnvVarsInLog = 0;
		};
		E41ADF5D9872601AF94F3E4F /* [CP] Check Pods Manifest.lock */ = {
			isa = PBXShellScriptBuildPhase;
			buildActionMask = 2147483647;
			files = (
			);
			inputPaths = (
			);
			name = "[CP] Check Pods Manifest.lock";
			outputPaths = (
			);
			runOnlyForDeploymentPostprocessing = 0;
			shellPath = /bin/sh;
			shellScript = "diff \"${PODS_PODFILE_DIR_PATH}/Podfile.lock\" \"${PODS_ROOT}/Manifest.lock\" > /dev/null\nif [ $? != 0 ] ; then\n    # print error to STDERR\n    echo \"error: The sandbox is not in sync with the Podfile.lock. Run 'pod install' or update your CocoaPods installation.\" >&2\n    exit 1\nfi\n";
			showEnvVarsInLog = 0;
		};
		FA36E4E28DAC5C03322A66A2 /* [CP] Copy Pods Resources */ = {
			isa = PBXShellScriptBuildPhase;
			buildActionMask = 2147483647;
			files = (
			);
			inputPaths = (
			);
			name = "[CP] Copy Pods Resources";
			outputPaths = (
			);
			runOnlyForDeploymentPostprocessing = 0;
			shellPath = /bin/sh;
			shellScript = "\"${SRCROOT}/Pods/Target Support Files/Pods-ZJFCustomButtonDemoUITests/Pods-ZJFCustomButtonDemoUITests-resources.sh\"\n";
			showEnvVarsInLog = 0;
		};
/* End PBXShellScriptBuildPhase section */

/* Begin PBXSourcesBuildPhase section */
		8A2B5E0A1EB9E23B00500869 /* Sources */ = {
			isa = PBXSourcesBuildPhase;
			buildActionMask = 2147483647;
			files = (
				8A2B5E191EB9E23B00500869 /* ViewController.m in Sources */,
				8A2B5E491EB9E33200500869 /* ZJFCustomButton.m in Sources */,
				8A2B5E161EB9E23B00500869 /* AppDelegate.m in Sources */,
				8A2B5E4A1EB9E33200500869 /* ZJFCustomCollectionViewCell.m in Sources */,
				8A2B5E131EB9E23B00500869 /* main.m in Sources */,
			);
			runOnlyForDeploymentPostprocessing = 0;
		};
		8A2B5E231EB9E23B00500869 /* Sources */ = {
			isa = PBXSourcesBuildPhase;
			buildActionMask = 2147483647;
			files = (
				8A2B5E2C1EB9E23B00500869 /* ZJFCustomButtonDemoTests.m in Sources */,
			);
			runOnlyForDeploymentPostprocessing = 0;
		};
		8A2B5E2E1EB9E23B00500869 /* Sources */ = {
			isa = PBXSourcesBuildPhase;
			buildActionMask = 2147483647;
			files = (
				8A2B5E371EB9E23B00500869 /* ZJFCustomButtonDemoUITests.m in Sources */,
			);
			runOnlyForDeploymentPostprocessing = 0;
		};
/* End PBXSourcesBuildPhase section */

/* Begin PBXTargetDependency section */
		8A2B5E291EB9E23B00500869 /* PBXTargetDependency */ = {
			isa = PBXTargetDependency;
			target = 8A2B5E0D1EB9E23B00500869 /* ZJFCustomButtonDemo */;
			targetProxy = 8A2B5E281EB9E23B00500869 /* PBXContainerItemProxy */;
		};
		8A2B5E341EB9E23B00500869 /* PBXTargetDependency */ = {
			isa = PBXTargetDependency;
			target = 8A2B5E0D1EB9E23B00500869 /* ZJFCustomButtonDemo */;
			targetProxy = 8A2B5E331EB9E23B00500869 /* PBXContainerItemProxy */;
		};
/* End PBXTargetDependency section */

/* Begin PBXVariantGroup section */
		8A2B5E1A1EB9E23B00500869 /* Main.storyboard */ = {
			isa = PBXVariantGroup;
			children = (
				8A2B5E1B1EB9E23B00500869 /* Base */,
			);
			name = Main.storyboard;
			sourceTree = "<group>";
		};
		8A2B5E1F1EB9E23B00500869 /* LaunchScreen.storyboard */ = {
			isa = PBXVariantGroup;
			children = (
				8A2B5E201EB9E23B00500869 /* Base */,
			);
			name = LaunchScreen.storyboard;
			sourceTree = "<group>";
		};
/* End PBXVariantGroup section */

/* Begin XCBuildConfiguration section */
		8A2B5E391EB9E23B00500869 /* Debug */ = {
			isa = XCBuildConfiguration;
			buildSettings = {
				ALWAYS_SEARCH_USER_PATHS = NO;
				CLANG_ANALYZER_NONNULL = YES;
				CLANG_ANALYZER_NUMBER_OBJECT_CONVERSION = YES_AGGRESSIVE;
				CLANG_CXX_LANGUAGE_STANDARD = "gnu++0x";
				CLANG_CXX_LIBRARY = "libc++";
				CLANG_ENABLE_MODULES = YES;
				CLANG_ENABLE_OBJC_ARC = YES;
				CLANG_WARN_BOOL_CONVERSION = YES;
				CLANG_WARN_CONSTANT_CONVERSION = YES;
				CLANG_WARN_DIRECT_OBJC_ISA_USAGE = YES_ERROR;
				CLANG_WARN_DOCUMENTATION_COMMENTS = YES;
				CLANG_WARN_EMPTY_BODY = YES;
				CLANG_WARN_ENUM_CONVERSION = YES;
				CLANG_WARN_INFINITE_RECURSION = YES;
				CLANG_WARN_INT_CONVERSION = YES;
				CLANG_WARN_OBJC_ROOT_CLASS = YES_ERROR;
				CLANG_WARN_SUSPICIOUS_MOVE = YES;
				CLANG_WARN_UNREACHABLE_CODE = YES;
				CLANG_WARN__DUPLICATE_METHOD_MATCH = YES;
				"CODE_SIGN_IDENTITY[sdk=iphoneos*]" = "iPhone Developer";
				COPY_PHASE_STRIP = NO;
				DEBUG_INFORMATION_FORMAT = dwarf;
				ENABLE_STRICT_OBJC_MSGSEND = YES;
				ENABLE_TESTABILITY = YES;
				GCC_C_LANGUAGE_STANDARD = gnu99;
				GCC_DYNAMIC_NO_PIC = NO;
				GCC_NO_COMMON_BLOCKS = YES;
				GCC_OPTIMIZATION_LEVEL = 0;
				GCC_PREPROCESSOR_DEFINITIONS = (
					"DEBUG=1",
					"$(inherited)",
				);
				GCC_WARN_64_TO_32_BIT_CONVERSION = YES;
				GCC_WARN_ABOUT_RETURN_TYPE = YES_ERROR;
				GCC_WARN_UNDECLARED_SELECTOR = YES;
				GCC_WARN_UNINITIALIZED_AUTOS = YES_AGGRESSIVE;
				GCC_WARN_UNUSED_FUNCTION = YES;
				GCC_WARN_UNUSED_VARIABLE = YES;
				IPHONEOS_DEPLOYMENT_TARGET = 10.3;
				MTL_ENABLE_DEBUG_INFO = YES;
				ONLY_ACTIVE_ARCH = YES;
				SDKROOT = iphoneos;
				TARGETED_DEVICE_FAMILY = "1,2";
			};
			name = Debug;
		};
		8A2B5E3A1EB9E23B00500869 /* Release */ = {
			isa = XCBuildConfiguration;
			buildSettings = {
				ALWAYS_SEARCH_USER_PATHS = NO;
				CLANG_ANALYZER_NONNULL = YES;
				CLANG_ANALYZER_NUMBER_OBJECT_CONVERSION = YES_AGGRESSIVE;
				CLANG_CXX_LANGUAGE_STANDARD = "gnu++0x";
				CLANG_CXX_LIBRARY = "libc++";
				CLANG_ENABLE_MODULES = YES;
				CLANG_ENABLE_OBJC_ARC = YES;
				CLANG_WARN_BOOL_CONVERSION = YES;
				CLANG_WARN_CONSTANT_CONVERSION = YES;
				CLANG_WARN_DIRECT_OBJC_ISA_USAGE = YES_ERROR;
				CLANG_WARN_DOCUMENTATION_COMMENTS = YES;
				CLANG_WARN_EMPTY_BODY = YES;
				CLANG_WARN_ENUM_CONVERSION = YES;
				CLANG_WARN_INFINITE_RECURSION = YES;
				CLANG_WARN_INT_CONVERSION = YES;
				CLANG_WARN_OBJC_ROOT_CLASS = YES_ERROR;
				CLANG_WARN_SUSPICIOUS_MOVE = YES;
				CLANG_WARN_UNREACHABLE_CODE = YES;
				CLANG_WARN__DUPLICATE_METHOD_MATCH = YES;
				"CODE_SIGN_IDENTITY[sdk=iphoneos*]" = "iPhone Developer";
				COPY_PHASE_STRIP = NO;
				DEBUG_INFORMATION_FORMAT = "dwarf-with-dsym";
				ENABLE_NS_ASSERTIONS = NO;
				ENABLE_STRICT_OBJC_MSGSEND = YES;
				GCC_C_LANGUAGE_STANDARD = gnu99;
				GCC_NO_COMMON_BLOCKS = YES;
				GCC_WARN_64_TO_32_BIT_CONVERSION = YES;
				GCC_WARN_ABOUT_RETURN_TYPE = YES_ERROR;
				GCC_WARN_UNDECLARED_SELECTOR = YES;
				GCC_WARN_UNINITIALIZED_AUTOS = YES_AGGRESSIVE;
				GCC_WARN_UNUSED_FUNCTION = YES;
				GCC_WARN_UNUSED_VARIABLE = YES;
				IPHONEOS_DEPLOYMENT_TARGET = 10.3;
				MTL_ENABLE_DEBUG_INFO = NO;
				SDKROOT = iphoneos;
				TARGETED_DEVICE_FAMILY = "1,2";
				VALIDATE_PRODUCT = YES;
			};
			name = Release;
		};
		8A2B5E3C1EB9E23B00500869 /* Debug */ = {
			isa = XCBuildConfiguration;
			baseConfigurationReference = 6C23F0B39D448BDCFCEC51A9 /* Pods-ZJFCustomButtonDemo.debug.xcconfig */;
			buildSettings = {
				ASSETCATALOG_COMPILER_APPICON_NAME = AppIcon;
				DEVELOPMENT_TEAM = 234U3DUU4J;
				GCC_PREFIX_HEADER = "$(SRCROOT)/ZJFCustomButtonDemo/ZJFCustomButton/PrefixHeader.pch";
				INFOPLIST_FILE = ZJFCustomButtonDemo/Info.plist;
				LD_RUNPATH_SEARCH_PATHS = "$(inherited) @executable_path/Frameworks";
				PRODUCT_BUNDLE_IDENTIFIER = cn.com.apple.ZJFCustomButtonDemo;
				PRODUCT_NAME = "$(TARGET_NAME)";
			};
			name = Debug;
		};
		8A2B5E3D1EB9E23B00500869 /* Release */ = {
			isa = XCBuildConfiguration;
			baseConfigurationReference = 25DBFD6465A26F199676675A /* Pods-ZJFCustomButtonDemo.release.xcconfig */;
			buildSettings = {
				ASSETCATALOG_COMPILER_APPICON_NAME = AppIcon;
				DEVELOPMENT_TEAM = 234U3DUU4J;
				GCC_PREFIX_HEADER = "$(SRCROOT)/ZJFCustomButtonDemo/ZJFCustomButton/PrefixHeader.pch";
				INFOPLIST_FILE = ZJFCustomButtonDemo/Info.plist;
				LD_RUNPATH_SEARCH_PATHS = "$(inherited) @executable_path/Frameworks";
				PRODUCT_BUNDLE_IDENTIFIER = cn.com.apple.ZJFCustomButtonDemo;
				PRODUCT_NAME = "$(TARGET_NAME)";
			};
			name = Release;
		};
		8A2B5E3F1EB9E23B00500869 /* Debug */ = {
			isa = XCBuildConfiguration;
			baseConfigurationReference = 6A2E51D2800F4463D29ABFCA /* Pods-ZJFCustomButtonDemoTests.debug.xcconfig */;
			buildSettings = {
				BUNDLE_LOADER = "$(TEST_HOST)";
				INFOPLIST_FILE = ZJFCustomButtonDemoTests/Info.plist;
				LD_RUNPATH_SEARCH_PATHS = "$(inherited) @executable_path/Frameworks @loader_path/Frameworks";
				PRODUCT_BUNDLE_IDENTIFIER = cn.com.apple.ZJFCustomButtonDemoTests;
				PRODUCT_NAME = "$(TARGET_NAME)";
				TEST_HOST = "$(BUILT_PRODUCTS_DIR)/ZJFCustomButtonDemo.app/ZJFCustomButtonDemo";
			};
			name = Debug;
		};
		8A2B5E401EB9E23B00500869 /* Release */ = {
			isa = XCBuildConfiguration;
			baseConfigurationReference = B7AD598334F86E72FA49DF3B /* Pods-ZJFCustomButtonDemoTests.release.xcconfig */;
			buildSettings = {
				BUNDLE_LOADER = "$(TEST_HOST)";
				INFOPLIST_FILE = ZJFCustomButtonDemoTests/Info.plist;
				LD_RUNPATH_SEARCH_PATHS = "$(inherited) @executable_path/Frameworks @loader_path/Frameworks";
				PRODUCT_BUNDLE_IDENTIFIER = cn.com.apple.ZJFCustomButtonDemoTests;
				PRODUCT_NAME = "$(TARGET_NAME)";
				TEST_HOST = "$(BUILT_PRODUCTS_DIR)/ZJFCustomButtonDemo.app/ZJFCustomButtonDemo";
			};
			name = Release;
		};
		8A2B5E421EB9E23B00500869 /* Debug */ = {
			isa = XCBuildConfiguration;
			baseConfigurationReference = 991B6C28EF895483A27EC319 /* Pods-ZJFCustomButtonDemoUITests.debug.xcconfig */;
			buildSettings = {
				INFOPLIST_FILE = ZJFCustomButtonDemoUITests/Info.plist;
				LD_RUNPATH_SEARCH_PATHS = "$(inherited) @executable_path/Frameworks @loader_path/Frameworks";
				PRODUCT_BUNDLE_IDENTIFIER = cn.com.apple.ZJFCustomButtonDemoUITests;
				PRODUCT_NAME = "$(TARGET_NAME)";
				TEST_TARGET_NAME = ZJFCustomButtonDemo;
			};
			name = Debug;
		};
		8A2B5E431EB9E23B00500869 /* Release */ = {
			isa = XCBuildConfiguration;
			baseConfigurationReference = C522580AC07D9B77C7142E4F /* Pods-ZJFCustomButtonDemoUITests.release.xcconfig */;
			buildSettings = {
				INFOPLIST_FILE = ZJFCustomButtonDemoUITests/Info.plist;
				LD_RUNPATH_SEARCH_PATHS = "$(inherited) @executable_path/Frameworks @loader_path/Frameworks";
				PRODUCT_BUNDLE_IDENTIFIER = cn.com.apple.ZJFCustomButtonDemoUITests;
				PRODUCT_NAME = "$(TARGET_NAME)";
				TEST_TARGET_NAME = ZJFCustomButtonDemo;
			};
			name = Release;
		};
/* End XCBuildConfiguration section */

/* Begin XCConfigurationList section */
		8A2B5E091EB9E23B00500869 /* Build configuration list for PBXProject "ZJFCustomButtonDemo" */ = {
			isa = XCConfigurationList;
			buildConfigurations = (
				8A2B5E391EB9E23B00500869 /* Debug */,
				8A2B5E3A1EB9E23B00500869 /* Release */,
			);
			defaultConfigurationIsVisible = 0;
			defaultConfigurationName = Release;
		};
		8A2B5E3B1EB9E23B00500869 /* Build configuration list for PBXNativeTarget "ZJFCustomButtonDemo" */ = {
			isa = XCConfigurationList;
			buildConfigurations = (
				8A2B5E3C1EB9E23B00500869 /* Debug */,
				8A2B5E3D1EB9E23B00500869 /* Release */,
			);
			defaultConfigurationIsVisible = 0;
			defaultConfigurationName = Release;
		};
		8A2B5E3E1EB9E23B00500869 /* Build configuration list for PBXNativeTarget "ZJFCustomButtonDemoTests" */ = {
			isa = XCConfigurationList;
			buildConfigurations = (
				8A2B5E3F1EB9E23B00500869 /* Debug */,
				8A2B5E401EB9E23B00500869 /* Release */,
			);
			defaultConfigurationIsVisible = 0;
			defaultConfigurationName = Release;
		};
		8A2B5E411EB9E23B00500869 /* Build configuration list for PBXNativeTarget "ZJFCustomButtonDemoUITests" */ = {
			isa = XCConfigurationList;
			buildConfigurations = (
				8A2B5E421EB9E23B00500869 /* Debug */,
				8A2B5E431EB9E23B00500869 /* Release */,
			);
			defaultConfigurationIsVisible = 0;
			defaultConfigurationName = Release;
		};
/* End XCConfigurationList section */
	};
	rootObject = 8A2B5E061EB9E23B00500869 /* Project object */;
}
